schema: '2.0'
stages:
  data_ingestion:
    cmd: python src/cnnClassifier/pipeline/stage_01_data_ingestion.py
    deps:
    - path: config/config.yaml
      hash: md5
      md5: ee7cffc85e33a0ff4f3e35daa17a6eb6
      size: 587
    - path: src/cnnClassifier/pipeline/stage_01_data_ingestion.py
      hash: md5
      md5: f349a0a355aec9f7fa35b5dc3d029b69
      size: 912
    outs:
    - path: artifacts/data_ingestion/final_potato_diease_data
      hash: md5
      md5: 7c0baebd1a4c4d66cad44c65a629dd1d.dir
      size: 39441201
      nfiles: 2152
  prepare_base_model:
    cmd: python src/cnnClassifier/pipeline/stage_02_prepare_base_model.py
    deps:
    - path: config/config.yaml
      hash: md5
      md5: ee7cffc85e33a0ff4f3e35daa17a6eb6
      size: 587
    - path: src/cnnClassifier/pipeline/stage_02_prepare_base_model.py
      hash: md5
      md5: cc31d1762d73c1e46a5efa07d7e20dd4
      size: 1001
    params:
      params.yaml:
        CLASSES: 3
        IMAGE_SIZE:
        - 224
        - 224
        - 3
        INCLUDE_TOP: false
        LEARNING_RATE: 0.001
        WEIGHTS: imagenet
    outs:
    - path: artifacts/prepare_base_model
      hash: md5
      md5: 71f20636a17e8dc393a985904ff7e3d5.dir
      size: 118158176
      nfiles: 2
  training:
    cmd: python src/cnnClassifier/pipeline/stage_03_model_training.py
    deps:
    - path: artifacts/data_ingestion/final_potato_diease_data
      hash: md5
      md5: 7c0baebd1a4c4d66cad44c65a629dd1d.dir
      size: 39441201
      nfiles: 2152
    - path: artifacts/prepare_base_model
      hash: md5
      md5: 71f20636a17e8dc393a985904ff7e3d5.dir
      size: 118158176
      nfiles: 2
    - path: config/config.yaml
      hash: md5
      md5: ee7cffc85e33a0ff4f3e35daa17a6eb6
      size: 587
    - path: src/cnnClassifier/pipeline/stage_03_model_training.py
      hash: md5
      md5: bd0500aefcad6c56578b760f54d51502
      size: 919
    params:
      params.yaml:
        AUGMENTATION: true
        BATCH_SIZE: 32
        EPOCHS: 1
        IMAGE_SIZE:
        - 224
        - 224
        - 3
    outs:
    - path: artifacts/training/model.h5
      hash: md5
      md5: e45fd00fa75351bc385e6db1f3216a32
      size: 59852264
  evaluation:
    cmd: python src/cnnClassifier/pipeline/stage_04_model_evaluation.py
    deps:
    - path: artifacts/data_ingestion/final_potato_diease_data
      hash: md5
      md5: 7c0baebd1a4c4d66cad44c65a629dd1d.dir
      size: 39441201
      nfiles: 2152
    - path: artifacts/training/model.h5
      hash: md5
      md5: e45fd00fa75351bc385e6db1f3216a32
      size: 59852264
    - path: config/config.yaml
      hash: md5
      md5: ee7cffc85e33a0ff4f3e35daa17a6eb6
      size: 587
    - path: src/cnnClassifier/pipeline/stage_04_model_evaluation.py
      hash: md5
      md5: 311d591c44c66bdd4fb1d1fdd506dba2
      size: 924
    params:
      params.yaml:
        BATCH_SIZE: 32
        IMAGE_SIZE:
        - 224
        - 224
        - 3
    outs:
    - path: scores.json
      hash: md5
      md5: 301dcc696178574c39e75bfce21c52fd
      size: 74
